
Microsoft Visual Studio Solution File, Format Version 12.00
# Visual Studio Version 17
VisualStudioVersion = 17.6.33829.357
MinimumVisualStudioVersion = 10.0.40219.1
Project("{FAE04EC0-301F-11D3-BF4B-00C04F79EFBC}") = "HomeWork_27", "HomeWork_27\HomeWork_27.csproj", "{24110A50-732E-4401-B105-66E95A5AB434}"
EndProject
Global
	GlobalSection(SolutionConfigurationPlatforms) = preSolution
		Debug|Any CPU = Debug|Any CPU
		Release|Any CPU = Release|Any CPU
	EndGlobalSection
	GlobalSection(ProjectConfigurationPlatforms) = postSolution
		{24110A50-732E-4401-B105-66E95A5AB434}.Debug|Any CPU.ActiveCfg = Debug|Any CPU
		{24110A50-732E-4401-B105-66E95A5AB434}.Debug|Any CPU.Build.0 = Debug|Any CPU
		{24110A50-732E-4401-B105-66E95A5AB434}.Release|Any CPU.ActiveCfg = Release|Any CPU
		{24110A50-732E-4401-B105-66E95A5AB434}.Release|Any CPU.Build.0 = Release|Any CPU
	EndGlobalSection
	GlobalSection(SolutionProperties) = preSolution
		HideSolutionNode = FALSE
	EndGlobalSection
	GlobalSection(ExtensibilityGlobals) = postSolution
		SolutionGuid = {209D1A6C-B50B-4897-81E5-309F67B7CA8C}
	EndGlobalSection
EndGlobal
